
Microsoft Visual Studio Solution File, Format Version 12.00
# Visual Studio Version 16
VisualStudioVersion = 16.0.30114.105
MinimumVisualStudioVersion = 10.0.40219.1
Project("{FAE04EC0-301F-11D3-BF4B-00C04F79EFBC}") = "API", "API\API.csproj", "{9A91E1F3-8CA8-47C8-8B23-C73F0A292BF2}"
EndProject
Project("{FAE04EC0-301F-11D3-BF4B-00C04F79EFBC}") = "Application", "Application\Application.csproj", "{86B6BA18-1D1B-4A1C-A9FA-C3C2DBCE0EAA}"
EndProject
Project("{FAE04EC0-301F-11D3-BF4B-00C04F79EFBC}") = "Persistence", "Persistence\Persistence.csproj", "{9E6F52E1-0D2C-4B40-AA74-8B139CDEA67B}"
EndProject
Project("{FAE04EC0-301F-11D3-BF4B-00C04F79EFBC}") = "Domain", "Domain\Domain.csproj", "{BC34B92A-5E40-4430-ADDF-86CE8499C232}"
EndProject
Global
	GlobalSection(SolutionConfigurationPlatforms) = preSolution
		Debug|Any CPU = Debug|Any CPU
		Release|Any CPU = Release|Any CPU
	EndGlobalSection
	GlobalSection(SolutionProperties) = preSolution
		HideSolutionNode = FALSE
	EndGlobalSection
	GlobalSection(ProjectConfigurationPlatforms) = postSolution
		{9A91E1F3-8CA8-47C8-8B23-C73F0A292BF2}.Debug|Any CPU.ActiveCfg = Debug|Any CPU
		{9A91E1F3-8CA8-47C8-8B23-C73F0A292BF2}.Debug|Any CPU.Build.0 = Debug|Any CPU
		{9A91E1F3-8CA8-47C8-8B23-C73F0A292BF2}.Release|Any CPU.ActiveCfg = Release|Any CPU
		{9A91E1F3-8CA8-47C8-8B23-C73F0A292BF2}.Release|Any CPU.Build.0 = Release|Any CPU
		{86B6BA18-1D1B-4A1C-A9FA-C3C2DBCE0EAA}.Debug|Any CPU.ActiveCfg = Debug|Any CPU
		{86B6BA18-1D1B-4A1C-A9FA-C3C2DBCE0EAA}.Debug|Any CPU.Build.0 = Debug|Any CPU
		{86B6BA18-1D1B-4A1C-A9FA-C3C2DBCE0EAA}.Release|Any CPU.ActiveCfg = Release|Any CPU
		{86B6BA18-1D1B-4A1C-A9FA-C3C2DBCE0EAA}.Release|Any CPU.Build.0 = Release|Any CPU
		{9E6F52E1-0D2C-4B40-AA74-8B139CDEA67B}.Debug|Any CPU.ActiveCfg = Debug|Any CPU
		{9E6F52E1-0D2C-4B40-AA74-8B139CDEA67B}.Debug|Any CPU.Build.0 = Debug|Any CPU
		{9E6F52E1-0D2C-4B40-AA74-8B139CDEA67B}.Release|Any CPU.ActiveCfg = Release|Any CPU
		{9E6F52E1-0D2C-4B40-AA74-8B139CDEA67B}.Release|Any CPU.Build.0 = Release|Any CPU
		{BC34B92A-5E40-4430-ADDF-86CE8499C232}.Debug|Any CPU.ActiveCfg = Debug|Any CPU
		{BC34B92A-5E40-4430-ADDF-86CE8499C232}.Debug|Any CPU.Build.0 = Debug|Any CPU
		{BC34B92A-5E40-4430-ADDF-86CE8499C232}.Release|Any CPU.ActiveCfg = Release|Any CPU
		{BC34B92A-5E40-4430-ADDF-86CE8499C232}.Release|Any CPU.Build.0 = Release|Any CPU
	EndGlobalSection
EndGlobal
